
Microsoft Visual Studio Solution File, Format Version 12.00
# Visual Studio 14
VisualStudioVersion = 14.0.25123.0
MinimumVisualStudioVersion = 10.0.40219.1
Project("{FAE04EC0-301F-11D3-BF4B-00C04F79EFBC}") = "ModbusReaderSaver", "ModbusReaderSaver\ModbusReaderSaver.csproj", "{D7A33A97-6004-4B59-91FE-BD9C7A8BE48C}"
EndProject
Global
	GlobalSection(SolutionConfigurationPlatforms) = preSolution
		Debug|Any CPU = Debug|Any CPU
		Debug|x86 = Debug|x86
		Release|Any CPU = Release|Any CPU
		Release|x86 = Release|x86
	EndGlobalSection
	GlobalSection(ProjectConfigurationPlatforms) = postSolution
		{D7A33A97-6004-4B59-91FE-BD9C7A8BE48C}.Debug|Any CPU.ActiveCfg = Debug|Any CPU
		{D7A33A97-6004-4B59-91FE-BD9C7A8BE48C}.Debug|Any CPU.Build.0 = Debug|Any CPU
		{D7A33A97-6004-4B59-91FE-BD9C7A8BE48C}.Debug|x86.ActiveCfg = Debug|x86
		{D7A33A97-6004-4B59-91FE-BD9C7A8BE48C}.Debug|x86.Build.0 = Debug|x86
		{D7A33A97-6004-4B59-91FE-BD9C7A8BE48C}.Release|Any CPU.ActiveCfg = Release|Any CPU
		{D7A33A97-6004-4B59-91FE-BD9C7A8BE48C}.Release|Any CPU.Build.0 = Release|Any CPU
		{D7A33A97-6004-4B59-91FE-BD9C7A8BE48C}.Release|x86.ActiveCfg = Release|x86
		{D7A33A97-6004-4B59-91FE-BD9C7A8BE48C}.Release|x86.Build.0 = Release|x86
	EndGlobalSection
	GlobalSection(SolutionProperties) = preSolution
		HideSolutionNode = FALSE
	EndGlobalSection
	GlobalSection(TeamFoundationVersionControl) = preSolution
		SccNumberOfProjects = 2
		SccEnterpriseProvider = {4CA58AB2-18FA-4F8D-95D4-32DDF27D184C}
		SccTeamFoundationServer = https://toschkin.visualstudio.com/defaultcollection
		SccLocalPath0 = .
		SccProjectUniqueName1 = ModbusReaderSaver\\ModbusReaderSaver.csproj
		SccProjectName1 = ModbusReaderSaver
		SccLocalPath1 = ModbusReaderSaver
	EndGlobalSection
EndGlobal
